
Microsoft Visual Studio Solution File, Format Version 12.00
# Visual Studio 15
VisualStudioVersion = 15.0.28307.572
MinimumVisualStudioVersion = 10.0.40219.1
Project("{8BC9CEB8-8B4A-11D0-8D11-00A0C91BC942}") = "Project1", "Project1\Project1.vcxproj", "{9DEAD1B6-7596-466E-8D6F-79236AB6B7EC}"
EndProject
Global
	GlobalSection(SolutionConfigurationPlatforms) = preSolution
		Debug|x64 = Debug|x64
		Debug|x86 = Debug|x86
		Release|x64 = Release|x64
		Release|x86 = Release|x86
	EndGlobalSection
	GlobalSection(ProjectConfigurationPlatforms) = postSolution
		{9DEAD1B6-7596-466E-8D6F-79236AB6B7EC}.Debug|x64.ActiveCfg = Debug|x64
		{9DEAD1B6-7596-466E-8D6F-79236AB6B7EC}.Debug|x64.Build.0 = Debug|x64
		{9DEAD1B6-7596-466E-8D6F-79236AB6B7EC}.Debug|x86.ActiveCfg = Debug|Win32
		{9DEAD1B6-7596-466E-8D6F-79236AB6B7EC}.Debug|x86.Build.0 = Debug|Win32
		{9DEAD1B6-7596-466E-8D6F-79236AB6B7EC}.Release|x64.ActiveCfg = Release|x64
		{9DEAD1B6-7596-466E-8D6F-79236AB6B7EC}.Release|x64.Build.0 = Release|x64
		{9DEAD1B6-7596-466E-8D6F-79236AB6B7EC}.Release|x86.ActiveCfg = Release|Win32
		{9DEAD1B6-7596-466E-8D6F-79236AB6B7EC}.Release|x86.Build.0 = Release|Win32
	EndGlobalSection
	GlobalSection(SolutionProperties) = preSolution
		HideSolutionNode = FALSE
	EndGlobalSection
	GlobalSection(ExtensibilityGlobals) = postSolution
		SolutionGuid = {33820022-81BC-4A7C-B42A-84A0B224BBC1}
	EndGlobalSection
EndGlobal
